
Microsoft Visual Studio Solution File, Format Version 12.00
# Visual Studio Version 17
VisualStudioVersion = 17.14.36705.20 d17.14
MinimumVisualStudioVersion = 10.0.40219.1
Project("{FAE04EC0-301F-11D3-BF4B-00C04F79EFBC}") = "ArrayCompression", "ArrayCompression\ArrayCompression.csproj", "{BFFE07C7-0959-4F15-B9E3-ECB73DD5B7BB}"
EndProject
Project("{FAE04EC0-301F-11D3-BF4B-00C04F79EFBC}") = "ArrayCompressionLINQ", "ArrayCompressionLINQ\ArrayCompressionLINQ.csproj", "{EC5C4ABE-1B92-4748-B1F0-0B4A92A5F598}"
EndProject
Project("{FAE04EC0-301F-11D3-BF4B-00C04F79EFBC}") = "ArrayCompressionWithArrays", "ArrayCompressionWithArrays\ArrayCompressionWithArrays.csproj", "{62BE9864-DD19-4814-BD61-FC3AC89AD63C}"
EndProject
Project("{FAE04EC0-301F-11D3-BF4B-00C04F79EFBC}") = "ArrayCompressionUnique", "ArrayCompressionUnique\ArrayCompressionUnique.csproj", "{D426EC46-FAC9-462A-9D46-A20F102E3B4A}"
EndProject
Project("{FAE04EC0-301F-11D3-BF4B-00C04F79EFBC}") = "ArrayCompressionFromSession", "ArrayCompressionFromSession\ArrayCompressionFromSession.csproj", "{5E60331C-D460-4E98-89F6-5007C6EF2231}"
EndProject
Project("{FAE04EC0-301F-11D3-BF4B-00C04F79EFBC}") = "ArrayCompressionGeneric", "ArrayCompressionGeneric\ArrayCompressionGeneric.csproj", "{EDF82D0A-1C09-44DC-97FA-F526EA91C385}"
EndProject
Project("{FAE04EC0-301F-11D3-BF4B-00C04F79EFBC}") = "RotateArrayFromSession", "RotateArrayFromSession\RotateArrayFromSession.csproj", "{19EC8F3B-6CFA-402E-A3E5-B4D22A736D87}"
EndProject
Project("{FAE04EC0-301F-11D3-BF4B-00C04F79EFBC}") = "RotateArray2", "RotateArray2\RotateArray2.csproj", "{1A1D3AA7-4F58-4384-83BD-F2424297A933}"
EndProject
Project("{FAE04EC0-301F-11D3-BF4B-00C04F79EFBC}") = "RotateArray3", "RotateArray3\RotateArray3.csproj", "{A1762D92-3519-4EA4-B04D-51617AB16BB3}"
EndProject
Project("{FAE04EC0-301F-11D3-BF4B-00C04F79EFBC}") = "MostFrequentWords", "MostFrequentWords\MostFrequentWords.csproj", "{ABB7B8F6-892D-457A-B460-0B4165EB1510}"
EndProject
Project("{FAE04EC0-301F-11D3-BF4B-00C04F79EFBC}") = "MostFrequentWordsLINQ", "MostFrequentWordsLINQ\MostFrequentWordsLINQ.csproj", "{BBEA0E2A-00E0-432E-83C6-46C527EAEEC8}"
EndProject
Global
	GlobalSection(SolutionConfigurationPlatforms) = preSolution
		Debug|Any CPU = Debug|Any CPU
		Release|Any CPU = Release|Any CPU
	EndGlobalSection
	GlobalSection(ProjectConfigurationPlatforms) = postSolution
		{BFFE07C7-0959-4F15-B9E3-ECB73DD5B7BB}.Debug|Any CPU.ActiveCfg = Debug|Any CPU
		{BFFE07C7-0959-4F15-B9E3-ECB73DD5B7BB}.Debug|Any CPU.Build.0 = Debug|Any CPU
		{BFFE07C7-0959-4F15-B9E3-ECB73DD5B7BB}.Release|Any CPU.ActiveCfg = Release|Any CPU
		{BFFE07C7-0959-4F15-B9E3-ECB73DD5B7BB}.Release|Any CPU.Build.0 = Release|Any CPU
		{EC5C4ABE-1B92-4748-B1F0-0B4A92A5F598}.Debug|Any CPU.ActiveCfg = Debug|Any CPU
		{EC5C4ABE-1B92-4748-B1F0-0B4A92A5F598}.Debug|Any CPU.Build.0 = Debug|Any CPU
		{EC5C4ABE-1B92-4748-B1F0-0B4A92A5F598}.Release|Any CPU.ActiveCfg = Release|Any CPU
		{EC5C4ABE-1B92-4748-B1F0-0B4A92A5F598}.Release|Any CPU.Build.0 = Release|Any CPU
		{62BE9864-DD19-4814-BD61-FC3AC89AD63C}.Debug|Any CPU.ActiveCfg = Debug|Any CPU
		{62BE9864-DD19-4814-BD61-FC3AC89AD63C}.Debug|Any CPU.Build.0 = Debug|Any CPU
		{62BE9864-DD19-4814-BD61-FC3AC89AD63C}.Release|Any CPU.ActiveCfg = Release|Any CPU
		{62BE9864-DD19-4814-BD61-FC3AC89AD63C}.Release|Any CPU.Build.0 = Release|Any CPU
		{D426EC46-FAC9-462A-9D46-A20F102E3B4A}.Debug|Any CPU.ActiveCfg = Debug|Any CPU
		{D426EC46-FAC9-462A-9D46-A20F102E3B4A}.Debug|Any CPU.Build.0 = Debug|Any CPU
		{D426EC46-FAC9-462A-9D46-A20F102E3B4A}.Release|Any CPU.ActiveCfg = Release|Any CPU
		{D426EC46-FAC9-462A-9D46-A20F102E3B4A}.Release|Any CPU.Build.0 = Release|Any CPU
		{5E60331C-D460-4E98-89F6-5007C6EF2231}.Debug|Any CPU.ActiveCfg = Debug|Any CPU
		{5E60331C-D460-4E98-89F6-5007C6EF2231}.Debug|Any CPU.Build.0 = Debug|Any CPU
		{5E60331C-D460-4E98-89F6-5007C6EF2231}.Release|Any CPU.ActiveCfg = Release|Any CPU
		{5E60331C-D460-4E98-89F6-5007C6EF2231}.Release|Any CPU.Build.0 = Release|Any CPU
		{EDF82D0A-1C09-44DC-97FA-F526EA91C385}.Debug|Any CPU.ActiveCfg = Debug|Any CPU
		{EDF82D0A-1C09-44DC-97FA-F526EA91C385}.Debug|Any CPU.Build.0 = Debug|Any CPU
		{EDF82D0A-1C09-44DC-97FA-F526EA91C385}.Release|Any CPU.ActiveCfg = Release|Any CPU
		{EDF82D0A-1C09-44DC-97FA-F526EA91C385}.Release|Any CPU.Build.0 = Release|Any CPU
		{19EC8F3B-6CFA-402E-A3E5-B4D22A736D87}.Debug|Any CPU.ActiveCfg = Debug|Any CPU
		{19EC8F3B-6CFA-402E-A3E5-B4D22A736D87}.Debug|Any CPU.Build.0 = Debug|Any CPU
		{19EC8F3B-6CFA-402E-A3E5-B4D22A736D87}.Release|Any CPU.ActiveCfg = Release|Any CPU
		{19EC8F3B-6CFA-402E-A3E5-B4D22A736D87}.Release|Any CPU.Build.0 = Release|Any CPU
		{1A1D3AA7-4F58-4384-83BD-F2424297A933}.Debug|Any CPU.ActiveCfg = Debug|Any CPU
		{1A1D3AA7-4F58-4384-83BD-F2424297A933}.Debug|Any CPU.Build.0 = Debug|Any CPU
		{1A1D3AA7-4F58-4384-83BD-F2424297A933}.Release|Any CPU.ActiveCfg = Release|Any CPU
		{1A1D3AA7-4F58-4384-83BD-F2424297A933}.Release|Any CPU.Build.0 = Release|Any CPU
		{A1762D92-3519-4EA4-B04D-51617AB16BB3}.Debug|Any CPU.ActiveCfg = Debug|Any CPU
		{A1762D92-3519-4EA4-B04D-51617AB16BB3}.Debug|Any CPU.Build.0 = Debug|Any CPU
		{A1762D92-3519-4EA4-B04D-51617AB16BB3}.Release|Any CPU.ActiveCfg = Release|Any CPU
		{A1762D92-3519-4EA4-B04D-51617AB16BB3}.Release|Any CPU.Build.0 = Release|Any CPU
		{ABB7B8F6-892D-457A-B460-0B4165EB1510}.Debug|Any CPU.ActiveCfg = Debug|Any CPU
		{ABB7B8F6-892D-457A-B460-0B4165EB1510}.Debug|Any CPU.Build.0 = Debug|Any CPU
		{ABB7B8F6-892D-457A-B460-0B4165EB1510}.Release|Any CPU.ActiveCfg = Release|Any CPU
		{ABB7B8F6-892D-457A-B460-0B4165EB1510}.Release|Any CPU.Build.0 = Release|Any CPU
		{BBEA0E2A-00E0-432E-83C6-46C527EAEEC8}.Debug|Any CPU.ActiveCfg = Debug|Any CPU
		{BBEA0E2A-00E0-432E-83C6-46C527EAEEC8}.Debug|Any CPU.Build.0 = Debug|Any CPU
		{BBEA0E2A-00E0-432E-83C6-46C527EAEEC8}.Release|Any CPU.ActiveCfg = Release|Any CPU
		{BBEA0E2A-00E0-432E-83C6-46C527EAEEC8}.Release|Any CPU.Build.0 = Release|Any CPU
	EndGlobalSection
	GlobalSection(SolutionProperties) = preSolution
		HideSolutionNode = FALSE
	EndGlobalSection
	GlobalSection(ExtensibilityGlobals) = postSolution
		SolutionGuid = {962FADD7-FA77-4513-8CE8-AA59D63FD7EE}
	EndGlobalSection
EndGlobal
