
Microsoft Visual Studio Solution File, Format Version 12.00
# Visual Studio Version 17
VisualStudioVersion = 17.14.36705.20
MinimumVisualStudioVersion = 10.0.40219.1
Project("{FAE04EC0-301F-11D3-BF4B-00C04F79EFBC}") = "NumberGuessing", "NumberGuessing\NumberGuessing.csproj", "{265CD4F2-223B-4595-AB47-A7A32F39393D}"
EndProject
Project("{FAE04EC0-301F-11D3-BF4B-00C04F79EFBC}") = "NumberGuessingFromSession", "NumberGuessing2\NumberGuessingFromSession.csproj", "{776865FE-114F-4DFE-B803-8FDC75A7D0EB}"
EndProject
Project("{FAE04EC0-301F-11D3-BF4B-00C04F79EFBC}") = "LockCracker", "LockCracker\LockCracker.csproj", "{5E029F28-FB92-4B00-A4A4-4F60DB949BFE}"
EndProject
Project("{FAE04EC0-301F-11D3-BF4B-00C04F79EFBC}") = "SortArray", "SortArray\SortArray.csproj", "{118217FA-DF84-4E82-9C32-281ABD386150}"
EndProject
Global
	GlobalSection(SolutionConfigurationPlatforms) = preSolution
		Debug|Any CPU = Debug|Any CPU
		Release|Any CPU = Release|Any CPU
	EndGlobalSection
	GlobalSection(ProjectConfigurationPlatforms) = postSolution
		{265CD4F2-223B-4595-AB47-A7A32F39393D}.Debug|Any CPU.ActiveCfg = Debug|Any CPU
		{265CD4F2-223B-4595-AB47-A7A32F39393D}.Debug|Any CPU.Build.0 = Debug|Any CPU
		{265CD4F2-223B-4595-AB47-A7A32F39393D}.Release|Any CPU.ActiveCfg = Release|Any CPU
		{265CD4F2-223B-4595-AB47-A7A32F39393D}.Release|Any CPU.Build.0 = Release|Any CPU
		{776865FE-114F-4DFE-B803-8FDC75A7D0EB}.Debug|Any CPU.ActiveCfg = Debug|Any CPU
		{776865FE-114F-4DFE-B803-8FDC75A7D0EB}.Debug|Any CPU.Build.0 = Debug|Any CPU
		{776865FE-114F-4DFE-B803-8FDC75A7D0EB}.Release|Any CPU.ActiveCfg = Release|Any CPU
		{776865FE-114F-4DFE-B803-8FDC75A7D0EB}.Release|Any CPU.Build.0 = Release|Any CPU
		{5E029F28-FB92-4B00-A4A4-4F60DB949BFE}.Debug|Any CPU.ActiveCfg = Debug|Any CPU
		{5E029F28-FB92-4B00-A4A4-4F60DB949BFE}.Debug|Any CPU.Build.0 = Debug|Any CPU
		{5E029F28-FB92-4B00-A4A4-4F60DB949BFE}.Release|Any CPU.ActiveCfg = Release|Any CPU
		{5E029F28-FB92-4B00-A4A4-4F60DB949BFE}.Release|Any CPU.Build.0 = Release|Any CPU
		{118217FA-DF84-4E82-9C32-281ABD386150}.Debug|Any CPU.ActiveCfg = Debug|Any CPU
		{118217FA-DF84-4E82-9C32-281ABD386150}.Debug|Any CPU.Build.0 = Debug|Any CPU
		{118217FA-DF84-4E82-9C32-281ABD386150}.Release|Any CPU.ActiveCfg = Release|Any CPU
		{118217FA-DF84-4E82-9C32-281ABD386150}.Release|Any CPU.Build.0 = Release|Any CPU
	EndGlobalSection
	GlobalSection(SolutionProperties) = preSolution
		HideSolutionNode = FALSE
	EndGlobalSection
	GlobalSection(ExtensibilityGlobals) = postSolution
		SolutionGuid = {21EE4C63-E067-476E-B673-47A7160AEF95}
	EndGlobalSection
EndGlobal
