
Microsoft Visual Studio Solution File, Format Version 12.00
# Visual Studio Version 17
VisualStudioVersion = 17.14.36705.20 d17.14
MinimumVisualStudioVersion = 10.0.40219.1
Project("{FAE04EC0-301F-11D3-BF4B-00C04F79EFBC}") = "PrintNumberPyramid", "PrintNumberPyramid\PrintNumberPyramid.csproj", "{A9ED8665-E946-4942-981F-4FA1C893BD87}"
EndProject
Project("{FAE04EC0-301F-11D3-BF4B-00C04F79EFBC}") = "SumOfDigits", "SumOfDigits\SumOfDigits.csproj", "{B1DDAC88-DD0B-4864-9DFF-B7141B4A923B}"
EndProject
Project("{FAE04EC0-301F-11D3-BF4B-00C04F79EFBC}") = "SumOfDigits2", "SumOfDigits2\SumOfDigits2.csproj", "{5F973167-C8CD-4426-855B-998125AB9205}"
EndProject
Project("{FAE04EC0-301F-11D3-BF4B-00C04F79EFBC}") = "CountRepeatedSpecialCharacters", "CountRepeatedSpecialCharacters\CountRepeatedSpecialCharacters.csproj", "{89568388-7572-4AD9-A20E-E19A294152EE}"
EndProject
Project("{FAE04EC0-301F-11D3-BF4B-00C04F79EFBC}") = "CountRepeatedSpecialCharactersLINQ", "CountRepeatedSpecialCharactersLINQ\CountRepeatedSpecialCharactersLINQ.csproj", "{0A57960B-916B-46B4-A133-B19D94FD2FF6}"
EndProject
Project("{FAE04EC0-301F-11D3-BF4B-00C04F79EFBC}") = "MoveAllZeroesToEnd", "MoveAllZeroesToEnd\MoveAllZeroesToEnd.csproj", "{A84B2AC5-6A34-4120-A2C8-D1962C818BCA}"
EndProject
Project("{FAE04EC0-301F-11D3-BF4B-00C04F79EFBC}") = "FourDigitNumber", "FourDigitNumber\FourDigitNumber.csproj", "{45634609-C493-4E07-8FC5-F3CF51E37701}"
EndProject
Project("{FAE04EC0-301F-11D3-BF4B-00C04F79EFBC}") = "FourDigitNumber2", "FourDigitNumber2\FourDigitNumber2.csproj", "{6EF53693-4023-4076-8284-650E528F9664}"
EndProject
Project("{FAE04EC0-301F-11D3-BF4B-00C04F79EFBC}") = "Factorial", "Factorial\Factorial.csproj", "{C6CE02E9-6CDE-4251-829B-842145AD5DA3}"
EndProject
Project("{FAE04EC0-301F-11D3-BF4B-00C04F79EFBC}") = "PositionOfElement", "PositionOfElement\PositionOfElement.csproj", "{3D9485D8-BAAE-4629-A6BE-3C00DF962316}"
EndProject
Project("{FAE04EC0-301F-11D3-BF4B-00C04F79EFBC}") = "FindSubstring", "FindSubstring\FindSubstring.csproj", "{FDAFE11E-24C8-4443-BA8F-920AEDAB6A0C}"
EndProject
Project("{FAE04EC0-301F-11D3-BF4B-00C04F79EFBC}") = "FindSubstring2", "FindSubstring2\FindSubstring2.csproj", "{1493AB73-B677-4A00-9576-B46A73B4F8D7}"
EndProject
Project("{FAE04EC0-301F-11D3-BF4B-00C04F79EFBC}") = "FindSubstringWithUserInput", "FindSubstringWithUserInput\FindSubstringWithUserInput.csproj", "{9FC54BF8-139E-4C8A-9FCD-C2A4555E5F87}"
EndProject
Project("{FAE04EC0-301F-11D3-BF4B-00C04F79EFBC}") = "ForbiddenWords", "ForbiddenWords\ForbiddenWords.csproj", "{977FE340-A370-4050-B39A-AB37915A23C4}"
EndProject
Project("{FAE04EC0-301F-11D3-BF4B-00C04F79EFBC}") = "ForbiddenWordsWithUserInput", "ForbiddenWordsWithUserInput\ForbiddenWordsWithUserInput.csproj", "{1689888F-7011-4B08-B329-A840157882BA}"
EndProject
Global
	GlobalSection(SolutionConfigurationPlatforms) = preSolution
		Debug|Any CPU = Debug|Any CPU
		Release|Any CPU = Release|Any CPU
	EndGlobalSection
	GlobalSection(ProjectConfigurationPlatforms) = postSolution
		{A9ED8665-E946-4942-981F-4FA1C893BD87}.Debug|Any CPU.ActiveCfg = Debug|Any CPU
		{A9ED8665-E946-4942-981F-4FA1C893BD87}.Debug|Any CPU.Build.0 = Debug|Any CPU
		{A9ED8665-E946-4942-981F-4FA1C893BD87}.Release|Any CPU.ActiveCfg = Release|Any CPU
		{A9ED8665-E946-4942-981F-4FA1C893BD87}.Release|Any CPU.Build.0 = Release|Any CPU
		{B1DDAC88-DD0B-4864-9DFF-B7141B4A923B}.Debug|Any CPU.ActiveCfg = Debug|Any CPU
		{B1DDAC88-DD0B-4864-9DFF-B7141B4A923B}.Debug|Any CPU.Build.0 = Debug|Any CPU
		{B1DDAC88-DD0B-4864-9DFF-B7141B4A923B}.Release|Any CPU.ActiveCfg = Release|Any CPU
		{B1DDAC88-DD0B-4864-9DFF-B7141B4A923B}.Release|Any CPU.Build.0 = Release|Any CPU
		{5F973167-C8CD-4426-855B-998125AB9205}.Debug|Any CPU.ActiveCfg = Debug|Any CPU
		{5F973167-C8CD-4426-855B-998125AB9205}.Debug|Any CPU.Build.0 = Debug|Any CPU
		{5F973167-C8CD-4426-855B-998125AB9205}.Release|Any CPU.ActiveCfg = Release|Any CPU
		{5F973167-C8CD-4426-855B-998125AB9205}.Release|Any CPU.Build.0 = Release|Any CPU
		{89568388-7572-4AD9-A20E-E19A294152EE}.Debug|Any CPU.ActiveCfg = Debug|Any CPU
		{89568388-7572-4AD9-A20E-E19A294152EE}.Debug|Any CPU.Build.0 = Debug|Any CPU
		{89568388-7572-4AD9-A20E-E19A294152EE}.Release|Any CPU.ActiveCfg = Release|Any CPU
		{89568388-7572-4AD9-A20E-E19A294152EE}.Release|Any CPU.Build.0 = Release|Any CPU
		{0A57960B-916B-46B4-A133-B19D94FD2FF6}.Debug|Any CPU.ActiveCfg = Debug|Any CPU
		{0A57960B-916B-46B4-A133-B19D94FD2FF6}.Debug|Any CPU.Build.0 = Debug|Any CPU
		{0A57960B-916B-46B4-A133-B19D94FD2FF6}.Release|Any CPU.ActiveCfg = Release|Any CPU
		{0A57960B-916B-46B4-A133-B19D94FD2FF6}.Release|Any CPU.Build.0 = Release|Any CPU
		{A84B2AC5-6A34-4120-A2C8-D1962C818BCA}.Debug|Any CPU.ActiveCfg = Debug|Any CPU
		{A84B2AC5-6A34-4120-A2C8-D1962C818BCA}.Debug|Any CPU.Build.0 = Debug|Any CPU
		{A84B2AC5-6A34-4120-A2C8-D1962C818BCA}.Release|Any CPU.ActiveCfg = Release|Any CPU
		{A84B2AC5-6A34-4120-A2C8-D1962C818BCA}.Release|Any CPU.Build.0 = Release|Any CPU
		{45634609-C493-4E07-8FC5-F3CF51E37701}.Debug|Any CPU.ActiveCfg = Debug|Any CPU
		{45634609-C493-4E07-8FC5-F3CF51E37701}.Debug|Any CPU.Build.0 = Debug|Any CPU
		{45634609-C493-4E07-8FC5-F3CF51E37701}.Release|Any CPU.ActiveCfg = Release|Any CPU
		{45634609-C493-4E07-8FC5-F3CF51E37701}.Release|Any CPU.Build.0 = Release|Any CPU
		{6EF53693-4023-4076-8284-650E528F9664}.Debug|Any CPU.ActiveCfg = Debug|Any CPU
		{6EF53693-4023-4076-8284-650E528F9664}.Debug|Any CPU.Build.0 = Debug|Any CPU
		{6EF53693-4023-4076-8284-650E528F9664}.Release|Any CPU.ActiveCfg = Release|Any CPU
		{6EF53693-4023-4076-8284-650E528F9664}.Release|Any CPU.Build.0 = Release|Any CPU
		{C6CE02E9-6CDE-4251-829B-842145AD5DA3}.Debug|Any CPU.ActiveCfg = Debug|Any CPU
		{C6CE02E9-6CDE-4251-829B-842145AD5DA3}.Debug|Any CPU.Build.0 = Debug|Any CPU
		{C6CE02E9-6CDE-4251-829B-842145AD5DA3}.Release|Any CPU.ActiveCfg = Release|Any CPU
		{C6CE02E9-6CDE-4251-829B-842145AD5DA3}.Release|Any CPU.Build.0 = Release|Any CPU
		{3D9485D8-BAAE-4629-A6BE-3C00DF962316}.Debug|Any CPU.ActiveCfg = Debug|Any CPU
		{3D9485D8-BAAE-4629-A6BE-3C00DF962316}.Debug|Any CPU.Build.0 = Debug|Any CPU
		{3D9485D8-BAAE-4629-A6BE-3C00DF962316}.Release|Any CPU.ActiveCfg = Release|Any CPU
		{3D9485D8-BAAE-4629-A6BE-3C00DF962316}.Release|Any CPU.Build.0 = Release|Any CPU
		{FDAFE11E-24C8-4443-BA8F-920AEDAB6A0C}.Debug|Any CPU.ActiveCfg = Debug|Any CPU
		{FDAFE11E-24C8-4443-BA8F-920AEDAB6A0C}.Debug|Any CPU.Build.0 = Debug|Any CPU
		{FDAFE11E-24C8-4443-BA8F-920AEDAB6A0C}.Release|Any CPU.ActiveCfg = Release|Any CPU
		{FDAFE11E-24C8-4443-BA8F-920AEDAB6A0C}.Release|Any CPU.Build.0 = Release|Any CPU
		{1493AB73-B677-4A00-9576-B46A73B4F8D7}.Debug|Any CPU.ActiveCfg = Debug|Any CPU
		{1493AB73-B677-4A00-9576-B46A73B4F8D7}.Debug|Any CPU.Build.0 = Debug|Any CPU
		{1493AB73-B677-4A00-9576-B46A73B4F8D7}.Release|Any CPU.ActiveCfg = Release|Any CPU
		{1493AB73-B677-4A00-9576-B46A73B4F8D7}.Release|Any CPU.Build.0 = Release|Any CPU
		{9FC54BF8-139E-4C8A-9FCD-C2A4555E5F87}.Debug|Any CPU.ActiveCfg = Debug|Any CPU
		{9FC54BF8-139E-4C8A-9FCD-C2A4555E5F87}.Debug|Any CPU.Build.0 = Debug|Any CPU
		{9FC54BF8-139E-4C8A-9FCD-C2A4555E5F87}.Release|Any CPU.ActiveCfg = Release|Any CPU
		{9FC54BF8-139E-4C8A-9FCD-C2A4555E5F87}.Release|Any CPU.Build.0 = Release|Any CPU
		{977FE340-A370-4050-B39A-AB37915A23C4}.Debug|Any CPU.ActiveCfg = Debug|Any CPU
		{977FE340-A370-4050-B39A-AB37915A23C4}.Debug|Any CPU.Build.0 = Debug|Any CPU
		{977FE340-A370-4050-B39A-AB37915A23C4}.Release|Any CPU.ActiveCfg = Release|Any CPU
		{977FE340-A370-4050-B39A-AB37915A23C4}.Release|Any CPU.Build.0 = Release|Any CPU
		{1689888F-7011-4B08-B329-A840157882BA}.Debug|Any CPU.ActiveCfg = Debug|Any CPU
		{1689888F-7011-4B08-B329-A840157882BA}.Debug|Any CPU.Build.0 = Debug|Any CPU
		{1689888F-7011-4B08-B329-A840157882BA}.Release|Any CPU.ActiveCfg = Release|Any CPU
		{1689888F-7011-4B08-B329-A840157882BA}.Release|Any CPU.Build.0 = Release|Any CPU
	EndGlobalSection
	GlobalSection(SolutionProperties) = preSolution
		HideSolutionNode = FALSE
	EndGlobalSection
	GlobalSection(ExtensibilityGlobals) = postSolution
		SolutionGuid = {ECFAAE36-12C5-4ACC-A395-AFA37C6D24C2}
	EndGlobalSection
EndGlobal
